
Microsoft Visual Studio Solution File, Format Version 12.00
# Visual Studio 15
VisualStudioVersion = 15.0.27703.2026
MinimumVisualStudioVersion = 10.0.40219.1
Project("{FAE04EC0-301F-11D3-BF4B-00C04F79EFBC}") = "Discrete Fourier Transform", "Discrete Fourier Transform\Discrete Fourier Transform.csproj", "{F2F429DC-63DA-41C3-8152-BFBB53FE5608}"
EndProject
Project("{FAE04EC0-301F-11D3-BF4B-00C04F79EFBC}") = "SignalGenerator", "SignalGenerator\SignalGenerator.csproj", "{29C2CE4A-A041-482A-AA0D-77BC55E0B9BC}"
EndProject
Project("{FAE04EC0-301F-11D3-BF4B-00C04F79EFBC}") = "SignalProcessor", "SignalProcessor\SignalProcessor.csproj", "{25B83837-7985-4FE3-9524-2B88ACED7F47}"
EndProject
Project("{FAE04EC0-301F-11D3-BF4B-00C04F79EFBC}") = "Signals And Transforms", "Signals And Transforms\Signals And Transforms.csproj", "{770D4F6B-9F4E-4D32-AA6F-1FBE2744A2B9}"
EndProject
Global
	GlobalSection(SolutionConfigurationPlatforms) = preSolution
		Debug|Any CPU = Debug|Any CPU
		Release|Any CPU = Release|Any CPU
	EndGlobalSection
	GlobalSection(ProjectConfigurationPlatforms) = postSolution
		{F2F429DC-63DA-41C3-8152-BFBB53FE5608}.Debug|Any CPU.ActiveCfg = Debug|Any CPU
		{F2F429DC-63DA-41C3-8152-BFBB53FE5608}.Debug|Any CPU.Build.0 = Debug|Any CPU
		{F2F429DC-63DA-41C3-8152-BFBB53FE5608}.Release|Any CPU.ActiveCfg = Release|Any CPU
		{F2F429DC-63DA-41C3-8152-BFBB53FE5608}.Release|Any CPU.Build.0 = Release|Any CPU
		{29C2CE4A-A041-482A-AA0D-77BC55E0B9BC}.Debug|Any CPU.ActiveCfg = Debug|Any CPU
		{29C2CE4A-A041-482A-AA0D-77BC55E0B9BC}.Debug|Any CPU.Build.0 = Debug|Any CPU
		{29C2CE4A-A041-482A-AA0D-77BC55E0B9BC}.Release|Any CPU.ActiveCfg = Release|Any CPU
		{29C2CE4A-A041-482A-AA0D-77BC55E0B9BC}.Release|Any CPU.Build.0 = Release|Any CPU
		{25B83837-7985-4FE3-9524-2B88ACED7F47}.Debug|Any CPU.ActiveCfg = Debug|Any CPU
		{25B83837-7985-4FE3-9524-2B88ACED7F47}.Debug|Any CPU.Build.0 = Debug|Any CPU
		{25B83837-7985-4FE3-9524-2B88ACED7F47}.Release|Any CPU.ActiveCfg = Release|Any CPU
		{25B83837-7985-4FE3-9524-2B88ACED7F47}.Release|Any CPU.Build.0 = Release|Any CPU
		{770D4F6B-9F4E-4D32-AA6F-1FBE2744A2B9}.Debug|Any CPU.ActiveCfg = Debug|Any CPU
		{770D4F6B-9F4E-4D32-AA6F-1FBE2744A2B9}.Debug|Any CPU.Build.0 = Debug|Any CPU
		{770D4F6B-9F4E-4D32-AA6F-1FBE2744A2B9}.Release|Any CPU.ActiveCfg = Release|Any CPU
		{770D4F6B-9F4E-4D32-AA6F-1FBE2744A2B9}.Release|Any CPU.Build.0 = Release|Any CPU
	EndGlobalSection
	GlobalSection(SolutionProperties) = preSolution
		HideSolutionNode = FALSE
	EndGlobalSection
	GlobalSection(ExtensibilityGlobals) = postSolution
		SolutionGuid = {7236F1DD-EF63-4D3F-8949-9F8F5DFB43DE}
	EndGlobalSection
EndGlobal
